// !$*UTF8*$!
{
	archiveVersion = 1;
	classes = {
	};
	objectVersion = 56;
	objects = {

/* Begin PBXBuildFile section */
		46B38C212BB0BA2500E90115 /* AppDelegate.swift in Sources */ = {isa = PBXBuildFile; fileRef = 46B38C202BB0BA2500E90115 /* AppDelegate.swift */; };
		46B38C232BB0BA2500E90115 /* SceneDelegate.swift in Sources */ = {isa = PBXBuildFile; fileRef = 46B38C222BB0BA2500E90115 /* SceneDelegate.swift */; };
		46B38C252BB0BA2500E90115 /* ViewController.swift in Sources */ = {isa = PBXBuildFile; fileRef = 46B38C242BB0BA2500E90115 /* ViewController.swift */; };
		46B38C282BB0BA2500E90115 /* Base in Resources */ = {isa = PBXBuildFile; fileRef = 46B38C272BB0BA2500E90115 /* Base */; };
		46B38C2A2BB0BA2700E90115 /* Assets.xcassets in Resources */ = {isa = PBXBuildFile; fileRef = 46B38C292BB0BA2700E90115 /* Assets.xcassets */; };
		46B38C2D2BB0BA2700E90115 /* Base in Resources */ = {isa = PBXBuildFile; fileRef = 46B38C2C2BB0BA2700E90115 /* Base */; };
		46B38C362BB0BA6300E90115 /* SGM in Frameworks */ = {isa = PBXBuildFile; productRef = 46B38C352BB0BA6300E90115 /* SGM */; };
/* End PBXBuildFile section */

/* Begin PBXFileReference section */
		46B38C1D2BB0BA2500E90115 /* SGM_iOS_Example.app */ = {isa = PBXFileReference; explicitFileType = wrapper.application; includeInIndex = 0; path = SGM_iOS_Example.app; sourceTree = BUILT_PRODUCTS_DIR; };
		46B38C202BB0BA2500E90115 /* AppDelegate.swift */ = {isa = PBXFileReference; lastKnownFileType = sourcecode.swift; path = AppDelegate.swift; sourceTree = "<group>"; };
		46B38C222BB0BA2500E90115 /* SceneDelegate.swift */ = {isa = PBXFileReference; lastKnownFileType = sourcecode.swift; path = SceneDelegate.swift; sourceTree = "<group>"; };
		46B38C242BB0BA2500E90115 /* ViewController.swift */ = {isa = PBXFileReference; lastKnownFileType = sourcecode.swift; path = ViewController.swift; sourceTree = "<group>"; };
		46B38C272BB0BA2500E90115 /* Base */ = {isa = PBXFileReference; lastKnownFileType = file.storyboard; name = Base; path = Base.lproj/Main.storyboard; sourceTree = "<group>"; };
		46B38C292BB0BA2700E90115 /* Assets.xcassets */ = {isa = PBXFileReference; lastKnownFileType = folder.assetcatalog; path = Assets.xcassets; sourceTree = "<group>"; };
		46B38C2C2BB0BA2700E90115 /* Base */ = {isa = PBXFileReference; lastKnownFileType = file.storyboard; name = Base; path = Base.lproj/LaunchScreen.storyboard; sourceTree = "<group>"; };
		46B38C2E2BB0BA2700E90115 /* Info.plist */ = {isa = PBXFileReference; lastKnownFileType = text.plist.xml; path = Info.plist; sourceTree = "<group>"; };
/* End PBXFileReference section */

/* Begin PBXFrameworksBuildPhase section */
		46B38C1A2BB0BA2500E90115 /* Frameworks */ = {
			isa = PBXFrameworksBuildPhase;
			buildActionMask = 2147483647;
			files = (
				46B38C362BB0BA6300E90115 /* SGM in Frameworks */,
			);
			runOnlyForDeploymentPostprocessing = 0;
		};
/* End PBXFrameworksBuildPhase section */

/* Begin PBXGroup section */
		46B38C142BB0BA2500E90115 = {
			isa = PBXGroup;
			children = (
				46B38C1F2BB0BA2500E90115 /* SGM_iOS_Example */,
				46B38C1E2BB0BA2500E90115 /* Products */,
			);
			sourceTree = "<group>";
		};
		46B38C1E2BB0BA2500E90115 /* Products */ = {
			isa = PBXGroup;
			children = (
				46B38C1D2BB0BA2500E90115 /* SGM_iOS_Example.app */,
			);
			name = Products;
			sourceTree = "<group>";
		};
		46B38C1F2BB0BA2500E90115 /* SGM_iOS_Example */ = {
			isa = PBXGroup;
			children = (
				46B38C202BB0BA2500E90115 /* AppDelegate.swift */,
				46B38C222BB0BA2500E90115 /* SceneDelegate.swift */,
				46B38C242BB0BA2500E90115 /* ViewController.swift */,
				46B38C262BB0BA2500E90115 /* Main.storyboard */,
				46B38C292BB0BA2700E90115 /* Assets.xcassets */,
				46B38C2B2BB0BA2700E90115 /* LaunchScreen.storyboard */,
				46B38C2E2BB0BA2700E90115 /* Info.plist */,
			);
			path = SGM_iOS_Example;
			sourceTree = "<group>";
		};
/* End PBXGroup section */

/* Begin PBXNativeTarget section */
		46B38C1C2BB0BA2500E90115 /* SGM_iOS_Example */ = {
			isa = PBXNativeTarget;
			buildConfigurationList = 46B38C312BB0BA2700E90115 /* Build configuration list for PBXNativeTarget "SGM_iOS_Example" */;
			buildPhases = (
				46B38C192BB0BA2500E90115 /* Sources */,
				46B38C1A2BB0BA2500E90115 /* Frameworks */,
				46B38C1B2BB0BA2500E90115 /* Resources */,
			);
			buildRules = (
			);
			dependencies = (
			);
			name = SGM_iOS_Example;
			packageProductDependencies = (
				46B38C352BB0BA6300E90115 /* SGM */,
			);
			productName = SGM_iOS_Example;
			productReference = 46B38C1D2BB0BA2500E90115 /* SGM_iOS_Example.app */;
			productType = "com.apple.product-type.application";
		};
/* End PBXNativeTarget section */

/* Begin PBXProject section */
		46B38C152BB0BA2500E90115 /* Project object */ = {
			isa = PBXProject;
			attributes = {
				BuildIndependentTargetsInParallel = 1;
				LastSwiftUpdateCheck = 1530;
				LastUpgradeCheck = 1530;
				TargetAttributes = {
					46B38C1C2BB0BA2500E90115 = {
						CreatedOnToolsVersion = 15.3;
					};
				};
			};
			buildConfigurationList = 46B38C182BB0BA2500E90115 /* Build configuration list for PBXProject "SGM_iOS_Example" */;
			compatibilityVersion = "Xcode 14.0";
			developmentRegion = en;
			hasScannedForEncodings = 0;
			knownRegions = (
				en,
				Base,
			);
			mainGroup = 46B38C142BB0BA2500E90115;
			packageReferences = (
				46B38C342BB0BA6300E90115 /* XCRemoteSwiftPackageReference "SGM_Swift_Package_iOS" */,
			);
			productRefGroup = 46B38C1E2BB0BA2500E90115 /* Products */;
			projectDirPath = "";
			projectRoot = "";
			targets = (
				46B38C1C2BB0BA2500E90115 /* SGM_iOS_Example */,
			);
		};
/* End PBXProject section */

/* Begin PBXResourcesBuildPhase section */
		46B38C1B2BB0BA2500E90115 /* Resources */ = {
			isa = PBXResourcesBuildPhase;
			buildActionMask = 2147483647;
			files = (
				46B38C2A2BB0BA2700E90115 /* Assets.xcassets in Resources */,
				46B38C2D2BB0BA2700E90115 /* Base in Resources */,
				46B38C282BB0BA2500E90115 /* Base in Resources */,
			);
			runOnlyForDeploymentPostprocessing = 0;
		};
/* End PBXResourcesBuildPhase section */

/* Begin PBXSourcesBuildPhase section */
		46B38C192BB0BA2500E90115 /* Sources */ = {
			isa = PBXSourcesBuildPhase;
			buildActionMask = 2147483647;
			files = (
				46B38C252BB0BA2500E90115 /* ViewController.swift in Sources */,
				46B38C212BB0BA2500E90115 /* AppDelegate.swift in Sources */,
				46B38C232BB0BA2500E90115 /* SceneDelegate.swift in Sources */,
			);
			runOnlyForDeploymentPostprocessing = 0;
		};
/* End PBXSourcesBuildPhase section */

/* Begin PBXVariantGroup section */
		46B38C262BB0BA2500E90115 /* Main.storyboard */ = {
			isa = PBXVariantGroup;
			children = (
				46B38C272BB0BA2500E90115 /* Base */,
			);
			name = Main.storyboard;
			sourceTree = "<group>";
		};
		46B38C2B2BB0BA2700E90115 /* LaunchScreen.storyboard */ = {
			isa = PBXVariantGroup;
			children = (
				46B38C2C2BB0BA2700E90115 /* Base */,
			);
			name = LaunchScreen.storyboard;
			sourceTree = "<group>";
		};
/* End PBXVariantGroup section */

/* Begin XCBuildConfiguration section */
		46B38C2F2BB0BA2700E90115 /* Debug */ = {
			isa = XCBuildConfiguration;
			buildSettings = {
				ALWAYS_SEARCH_USER_PATHS = NO;
				ASSETCATALOG_COMPILER_GENERATE_SWIFT_ASSET_SYMBOL_EXTENSIONS = YES;
				CLANG_ANALYZER_NONNULL = YES;
				CLANG_ANALYZER_NUMBER_OBJECT_CONVERSION = YES_AGGRESSIVE;
				CLANG_CXX_LANGUAGE_STANDARD = "gnu++20";
				CLANG_ENABLE_MODULES = YES;
				CLANG_ENABLE_OBJC_ARC = YES;
				CLANG_ENABLE_OBJC_WEAK = YES;
				CLANG_WARN_BLOCK_CAPTURE_AUTORELEASING = YES;
				CLANG_WARN_BOOL_CONVERSION = YES;
				CLANG_WARN_COMMA = YES;
				CLANG_WARN_CONSTANT_CONVERSION = YES;
				CLANG_WARN_DEPRECATED_OBJC_IMPLEMENTATIONS = YES;
				CLANG_WARN_DIRECT_OBJC_ISA_USAGE = YES_ERROR;
				CLANG_WARN_DOCUMENTATION_COMMENTS = YES;
				CLANG_WARN_EMPTY_BODY = YES;
				CLANG_WARN_ENUM_CONVERSION = YES;
				CLANG_WARN_INFINITE_RECURSION = YES;
				CLANG_WARN_INT_CONVERSION = YES;
				CLANG_WARN_NON_LITERAL_NULL_CONVERSION = YES;
				CLANG_WARN_OBJC_IMPLICIT_RETAIN_SELF = YES;
				CLANG_WARN_OBJC_LITERAL_CONVERSION = YES;
				CLANG_WARN_OBJC_ROOT_CLASS = YES_ERROR;
				CLANG_WARN_QUOTED_INCLUDE_IN_FRAMEWORK_HEADER = YES;
				CLANG_WARN_RANGE_LOOP_ANALYSIS = YES;
				CLANG_WARN_STRICT_PROTOTYPES = YES;
				CLANG_WARN_SUSPICIOUS_MOVE = YES;
				CLANG_WARN_UNGUARDED_AVAILABILITY = YES_AGGRESSIVE;
				CLANG_WARN_UNREACHABLE_CODE = YES;
				CLANG_WARN__DUPLICATE_METHOD_MATCH = YES;
				COPY_PHASE_STRIP = NO;
				DEBUG_INFORMATION_FORMAT = dwarf;
				ENABLE_STRICT_OBJC_MSGSEND = YES;
				ENABLE_TESTABILITY = YES;
				ENABLE_USER_SCRIPT_SANDBOXING = YES;
				GCC_C_LANGUAGE_STANDARD = gnu17;
				GCC_DYNAMIC_NO_PIC = NO;
				GCC_NO_COMMON_BLOCKS = YES;
				GCC_OPTIMIZATION_LEVEL = 0;
				GCC_PREPROCESSOR_DEFINITIONS = (
					"DEBUG=1",
					"$(inherited)",
				);
				GCC_WARN_64_TO_32_BIT_CONVERSION = YES;
				GCC_WARN_ABOUT_RETURN_TYPE = YES_ERROR;
				GCC_WARN_UNDECLARED_SELECTOR = YES;
				GCC_WARN_UNINITIALIZED_AUTOS = YES_AGGRESSIVE;
				GCC_WARN_UNUSED_FUNCTION = YES;
				GCC_WARN_UNUSED_VARIABLE = YES;
				IPHONEOS_DEPLOYMENT_TARGET = 17.4;
				LOCALIZATION_PREFERS_STRING_CATALOGS = YES;
				MTL_ENABLE_DEBUG_INFO = INCLUDE_SOURCE;
				MTL_FAST_MATH = YES;
				ONLY_ACTIVE_ARCH = YES;
				SDKROOT = iphoneos;
				SWIFT_ACTIVE_COMPILATION_CONDITIONS = "DEBUG $(inherited)";
				SWIFT_OPTIMIZATION_LEVEL = "-Onone";
			};
			name = Debug;
		};
		46B38C302BB0BA2700E90115 /* Release */ = {
			isa = XCBuildConfiguration;
			buildSettings = {
				ALWAYS_SEARCH_USER_PATHS = NO;
				ASSETCATALOG_COMPILER_GENERATE_SWIFT_ASSET_SYMBOL_EXTENSIONS = YES;
				CLANG_ANALYZER_NONNULL = YES;
				CLANG_ANALYZER_NUMBER_OBJECT_CONVERSION = YES_AGGRESSIVE;
				CLANG_CXX_LANGUAGE_STANDARD = "gnu++20";
				CLANG_ENABLE_MODULES = YES;
				CLANG_ENABLE_OBJC_ARC = YES;
				CLANG_ENABLE_OBJC_WEAK = YES;
				CLANG_WARN_BLOCK_CAPTURE_AUTORELEASING = YES;
				CLANG_WARN_BOOL_CONVERSION = YES;
				CLANG_WARN_COMMA = YES;
				CLANG_WARN_CONSTANT_CONVERSION = YES;
				CLANG_WARN_DEPRECATED_OBJC_IMPLEMENTATIONS = YES;
				CLANG_WARN_DIRECT_OBJC_ISA_USAGE = YES_ERROR;
				CLANG_WARN_DOCUMENTATION_COMMENTS = YES;
				CLANG_WARN_EMPTY_BODY = YES;
				CLANG_WARN_ENUM_CONVERSION = YES;
				CLANG_WARN_INFINITE_RECURSION = YES;
				CLANG_WARN_INT_CONVERSION = YES;
				CLANG_WARN_NON_LITERAL_NULL_CONVERSION = YES;
				CLANG_WARN_OBJC_IMPLICIT_RETAIN_SELF = YES;
				CLANG_WARN_OBJC_LITERAL_CONVERSION = YES;
				CLANG_WARN_OBJC_ROOT_CLASS = YES_ERROR;
				CLANG_WARN_QUOTED_INCLUDE_IN_FRAMEWORK_HEADER = YES;
				CLANG_WARN_RANGE_LOOP_ANALYSIS = YES;
				CLANG_WARN_STRICT_PROTOTYPES = YES;
				CLANG_WARN_SUSPICIOUS_MOVE = YES;
				CLANG_WARN_UNGUARDED_AVAILABILITY = YES_AGGRESSIVE;
				CLANG_WARN_UNREACHABLE_CODE = YES;
				CLANG_WARN__DUPLICATE_METHOD_MATCH = YES;
				COPY_PHASE_STRIP = NO;
				DEBUG_INFORMATION_FORMAT = "dwarf-with-dsym";
				ENABLE_NS_ASSERTIONS = NO;
				ENABLE_STRICT_OBJC_MSGSEND = YES;
				ENABLE_USER_SCRIPT_SANDBOXING = YES;
				GCC_C_LANGUAGE_STANDARD = gnu17;
				GCC_NO_COMMON_BLOCKS = YES;
				GCC_WARN_64_TO_32_BIT_CONVERSION = YES;
				GCC_WARN_ABOUT_RETURN_TYPE = YES_ERROR;
				GCC_WARN_UNDECLARED_SELECTOR = YES;
				GCC_WARN_UNINITIALIZED_AUTOS = YES_AGGRESSIVE;
				GCC_WARN_UNUSED_FUNCTION = YES;
				GCC_WARN_UNUSED_VARIABLE = YES;
				IPHONEOS_DEPLOYMENT_TARGET = 17.4;
				LOCALIZATION_PREFERS_STRING_CATALOGS = YES;
				MTL_ENABLE_DEBUG_INFO = NO;
				MTL_FAST_MATH = YES;
				SDKROOT = iphoneos;
				SWIFT_COMPILATION_MODE = wholemodule;
				VALIDATE_PRODUCT = YES;
			};
			name = Release;
		};
		46B38C322BB0BA2700E90115 /* Debug */ = {
			isa = XCBuildConfiguration;
			buildSettings = {
				ASSETCATALOG_COMPILER_APPICON_NAME = AppIcon;
				ASSETCATALOG_COMPILER_GLOBAL_ACCENT_COLOR_NAME = AccentColor;
				CODE_SIGN_STYLE = Automatic;
				CURRENT_PROJECT_VERSION = 1;
				DEVELOPMENT_TEAM = "";
				GENERATE_INFOPLIST_FILE = YES;
				INFOPLIST_FILE = SGM_iOS_Example/Info.plist;
				INFOPLIST_KEY_NSBluetoothAlwaysUsageDescription = "$(PRODUCT_NAME) uses Bluetooth";
				INFOPLIST_KEY_UIApplicationSupportsIndirectInputEvents = YES;
				INFOPLIST_KEY_UILaunchStoryboardName = LaunchScreen;
				INFOPLIST_KEY_UIMainStoryboardFile = Main;
				INFOPLIST_KEY_UISupportedInterfaceOrientations_iPad = "UIInterfaceOrientationPortrait UIInterfaceOrientationPortraitUpsideDown UIInterfaceOrientationLandscapeLeft UIInterfaceOrientationLandscapeRight";
				INFOPLIST_KEY_UISupportedInterfaceOrientations_iPhone = "UIInterfaceOrientationPortrait UIInterfaceOrientationLandscapeLeft UIInterfaceOrientationLandscapeRight";
				IPHONEOS_DEPLOYMENT_TARGET = 17.3;
				LD_RUNPATH_SEARCH_PATHS = (
					"$(inherited)",
					"@executable_path/Frameworks",
				);
				MARKETING_VERSION = 1.0;
				PRODUCT_BUNDLE_IDENTIFIER = "com.teamopensmartglasses.SGM-iOS-Example";
				PRODUCT_NAME = "$(TARGET_NAME)";
				SWIFT_EMIT_LOC_STRINGS = YES;
				SWIFT_VERSION = 5.0;
				TARGETED_DEVICE_FAMILY = "1,2";
			};
			name = Debug;
		};
		46B38C332BB0BA2700E90115 /* Release */ = {
			isa = XCBuildConfiguration;
			buildSettings = {
				ASSETCATALOG_COMPILER_APPICON_NAME = AppIcon;
				ASSETCATALOG_COMPILER_GLOBAL_ACCENT_COLOR_NAME = AccentColor;
				CODE_SIGN_STYLE = Automatic;
				CURRENT_PROJECT_VERSION = 1;
				DEVELOPMENT_TEAM = "";
				GENERATE_INFOPLIST_FILE = YES;
				INFOPLIST_FILE = SGM_iOS_Example/Info.plist;
				INFOPLIST_KEY_NSBluetoothAlwaysUsageDescription = "$(PRODUCT_NAME) uses Bluetooth";
				INFOPLIST_KEY_UIApplicationSupportsIndirectInputEvents = YES;
				INFOPLIST_KEY_UILaunchStoryboardName = LaunchScreen;
				INFOPLIST_KEY_UIMainStoryboardFile = Main;
				INFOPLIST_KEY_UISupportedInterfaceOrientations_iPad = "UIInterfaceOrientationPortrait UIInterfaceOrientationPortraitUpsideDown UIInterfaceOrientationLandscapeLeft UIInterfaceOrientationLandscapeRight";
				INFOPLIST_KEY_UISupportedInterfaceOrientations_iPhone = "UIInterfaceOrientationPortrait UIInterfaceOrientationLandscapeLeft UIInterfaceOrientationLandscapeRight";
				IPHONEOS_DEPLOYMENT_TARGET = 17.3;
				LD_RUNPATH_SEARCH_PATHS = (
					"$(inherited)",
					"@executable_path/Frameworks",
				);
				MARKETING_VERSION = 1.0;
				PRODUCT_BUNDLE_IDENTIFIER = "com.teamopensmartglasses.SGM-iOS-Example";
				PRODUCT_NAME = "$(TARGET_NAME)";
				SWIFT_EMIT_LOC_STRINGS = YES;
				SWIFT_VERSION = 5.0;
				TARGETED_DEVICE_FAMILY = "1,2";
			};
			name = Release;
		};
/* End XCBuildConfiguration section */

/* Begin XCConfigurationList section */
		46B38C182BB0BA2500E90115 /* Build configuration list for PBXProject "SGM_iOS_Example" */ = {
			isa = XCConfigurationList;
			buildConfigurations = (
				46B38C2F2BB0BA2700E90115 /* Debug */,
				46B38C302BB0BA2700E90115 /* Release */,
			);
			defaultConfigurationIsVisible = 0;
			defaultConfigurationName = Release;
		};
		46B38C312BB0BA2700E90115 /* Build configuration list for PBXNativeTarget "SGM_iOS_Example" */ = {
			isa = XCConfigurationList;
			buildConfigurations = (
				46B38C322BB0BA2700E90115 /* Debug */,
				46B38C332BB0BA2700E90115 /* Release */,
			);
			defaultConfigurationIsVisible = 0;
			defaultConfigurationName = Release;
		};
/* End XCConfigurationList section */

/* Begin XCRemoteSwiftPackageReference section */
		46B38C342BB0BA6300E90115 /* XCRemoteSwiftPackageReference "SGM_Swift_Package_iOS" */ = {
			isa = XCRemoteSwiftPackageReference;
			repositoryURL = "https://github.com/castillejoale/SGM_Swift_Package_iOS";
			requirement = {
				branch = main;
				kind = branch;
			};
		};
/* End XCRemoteSwiftPackageReference section */

/* Begin XCSwiftPackageProductDependency section */
		46B38C352BB0BA6300E90115 /* SGM */ = {
			isa = XCSwiftPackageProductDependency;
			package = 46B38C342BB0BA6300E90115 /* XCRemoteSwiftPackageReference "SGM_Swift_Package_iOS" */;
			productName = SGM;
		};
/* End XCSwiftPackageProductDependency section */
	};
	rootObject = 46B38C152BB0BA2500E90115 /* Project object */;
}
